
Microsoft Visual Studio Solution File, Format Version 12.00
# Visual Studio Version 17
VisualStudioVersion = 17.11.35303.130
MinimumVisualStudioVersion = 10.0.40219.1
Project("{2150E333-8FDC-42A3-9474-1A3956D46DE8}") = "src", "src", "{9D9DD0BA-3664-43F8-9632-1A421784B403}"
EndProject
Project("{2150E333-8FDC-42A3-9474-1A3956D46DE8}") = "Domain", "Domain", "{CCBD70BF-309E-434E-994B-46CB68EF796D}"
EndProject
Project("{2150E333-8FDC-42A3-9474-1A3956D46DE8}") = "Infra", "Infra", "{771ABC29-D68C-439A-AA6C-2C38D4AA5B6E}"
EndProject
Project("{2150E333-8FDC-42A3-9474-1A3956D46DE8}") = "Application", "Application", "{34224E35-C765-4FAE-A918-A1F9EEF5140A}"
EndProject
Project("{2150E333-8FDC-42A3-9474-1A3956D46DE8}") = "Web", "Web", "{A06D3A41-169D-411A-9FE2-BDBD8022A41A}"
EndProject
Project("{9A19103F-16F7-4668-BE54-9A1E7A4F7556}") = "SGuF.Domain", "src\SGuF.Domain\SGuF.Domain.csproj", "{0ED69136-1C33-4D52-A680-456B0027FC47}"
EndProject
Project("{9A19103F-16F7-4668-BE54-9A1E7A4F7556}") = "SGuF.Infra", "src\SGuF.Infra\SGuF.Infra.csproj", "{91C8A1AE-432B-4C42-96F7-FF32A1638404}"
EndProject
Project("{9A19103F-16F7-4668-BE54-9A1E7A4F7556}") = "SGuF.Application", "src\SGuF.Application\SGuF.Application.csproj", "{DA41973D-1813-4390-BD65-73DC459F4F3E}"
EndProject
Project("{9A19103F-16F7-4668-BE54-9A1E7A4F7556}") = "SGuF.Web", "src\SGuF.Web\SGuF.Web.csproj", "{3734F5A9-342C-4D9F-AA97-345B0E16A915}"
EndProject
Project("{2150E333-8FDC-42A3-9474-1A3956D46DE8}") = "sql", "sql", "{0A96B2A6-991F-4C86-84DF-E5BB3A7F1AAD}"
EndProject
Project("{2150E333-8FDC-42A3-9474-1A3956D46DE8}") = "test", "test", "{36FCFD6C-31F4-4C96-B6C3-33947633BADD}"
EndProject
Project("{2150E333-8FDC-42A3-9474-1A3956D46DE8}") = "doc", "doc", "{188B402E-F937-4FEF-BF37-8FAD6C62CB59}"
EndProject
Global
	GlobalSection(SolutionConfigurationPlatforms) = preSolution
		Debug|Any CPU = Debug|Any CPU
		Release|Any CPU = Release|Any CPU
	EndGlobalSection
	GlobalSection(ProjectConfigurationPlatforms) = postSolution
		{0ED69136-1C33-4D52-A680-456B0027FC47}.Debug|Any CPU.ActiveCfg = Debug|Any CPU
		{0ED69136-1C33-4D52-A680-456B0027FC47}.Debug|Any CPU.Build.0 = Debug|Any CPU
		{0ED69136-1C33-4D52-A680-456B0027FC47}.Release|Any CPU.ActiveCfg = Release|Any CPU
		{0ED69136-1C33-4D52-A680-456B0027FC47}.Release|Any CPU.Build.0 = Release|Any CPU
		{91C8A1AE-432B-4C42-96F7-FF32A1638404}.Debug|Any CPU.ActiveCfg = Debug|Any CPU
		{91C8A1AE-432B-4C42-96F7-FF32A1638404}.Debug|Any CPU.Build.0 = Debug|Any CPU
		{91C8A1AE-432B-4C42-96F7-FF32A1638404}.Release|Any CPU.ActiveCfg = Release|Any CPU
		{91C8A1AE-432B-4C42-96F7-FF32A1638404}.Release|Any CPU.Build.0 = Release|Any CPU
		{DA41973D-1813-4390-BD65-73DC459F4F3E}.Debug|Any CPU.ActiveCfg = Debug|Any CPU
		{DA41973D-1813-4390-BD65-73DC459F4F3E}.Debug|Any CPU.Build.0 = Debug|Any CPU
		{DA41973D-1813-4390-BD65-73DC459F4F3E}.Release|Any CPU.ActiveCfg = Release|Any CPU
		{DA41973D-1813-4390-BD65-73DC459F4F3E}.Release|Any CPU.Build.0 = Release|Any CPU
		{3734F5A9-342C-4D9F-AA97-345B0E16A915}.Debug|Any CPU.ActiveCfg = Debug|Any CPU
		{3734F5A9-342C-4D9F-AA97-345B0E16A915}.Debug|Any CPU.Build.0 = Debug|Any CPU
		{3734F5A9-342C-4D9F-AA97-345B0E16A915}.Release|Any CPU.ActiveCfg = Release|Any CPU
		{3734F5A9-342C-4D9F-AA97-345B0E16A915}.Release|Any CPU.Build.0 = Release|Any CPU
	EndGlobalSection
	GlobalSection(SolutionProperties) = preSolution
		HideSolutionNode = FALSE
	EndGlobalSection
	GlobalSection(NestedProjects) = preSolution
		{CCBD70BF-309E-434E-994B-46CB68EF796D} = {9D9DD0BA-3664-43F8-9632-1A421784B403}
		{771ABC29-D68C-439A-AA6C-2C38D4AA5B6E} = {9D9DD0BA-3664-43F8-9632-1A421784B403}
		{34224E35-C765-4FAE-A918-A1F9EEF5140A} = {9D9DD0BA-3664-43F8-9632-1A421784B403}
		{A06D3A41-169D-411A-9FE2-BDBD8022A41A} = {9D9DD0BA-3664-43F8-9632-1A421784B403}
		{0ED69136-1C33-4D52-A680-456B0027FC47} = {CCBD70BF-309E-434E-994B-46CB68EF796D}
		{91C8A1AE-432B-4C42-96F7-FF32A1638404} = {771ABC29-D68C-439A-AA6C-2C38D4AA5B6E}
		{DA41973D-1813-4390-BD65-73DC459F4F3E} = {34224E35-C765-4FAE-A918-A1F9EEF5140A}
		{3734F5A9-342C-4D9F-AA97-345B0E16A915} = {A06D3A41-169D-411A-9FE2-BDBD8022A41A}
	EndGlobalSection
	GlobalSection(ExtensibilityGlobals) = postSolution
		SolutionGuid = {A37B5322-1D69-40F3-BB37-D906D438FA6A}
	EndGlobalSection
EndGlobal
